{
  "originHash" : "195c2e73d6741f7717ae6a258924aa26327f2c0d245bae59b7658ef66992b576",
  "pins" : [
    {
      "identity" : "expandablecell",
      "kind" : "remoteSourceControl",
      "location" : "https://github.com/nolanMinsung/ExpandableCell.git",
      "state" : {
        "branch" : "main",
        "revision" : "652b9f9ad2677edadb37333aca4c31e9c2635c6b"
      }
    },
    {
      "identity" : "snapkit",
      "kind" : "remoteSourceControl",
      "location" : "https://github.com/SnapKit/SnapKit",
      "state" : {
        "revision" : "2842e6e84e82eb9a8dac0100ca90d9444b0307f4",
        "version" : "5.7.1"
      }
    }
  ],
  "version" : 3
}
